{
  "name": "empty-project-template",
  "requires": true,
  "lockfileVersion": 1,
  "dependencies": {
    "@mapbox/react-native-mapbox-gl": {
      "version": "6.1.3",
      "resolved": "https://registry.npmjs.org/@mapbox/react-native-mapbox-gl/-/react-native-mapbox-gl-6.1.3.tgz",
      "integrity": "sha512-nOqpMzS9YD8uyOaUxcVDnVcljA5tfDueiBSydjIts8hl5vKM4CYbslH9R7+nT4QT6gVLIDYHBcRuXwIHqYP5tg==",
      "requires": {
        "@turf/helpers": "4.6.0",
        "underscore": "^1.8.3"
      }
    },
    "@turf/helpers": {
      "version": "4.6.0",
      "resolved": "https://registry.npmjs.org/@turf/helpers/-/helpers-4.6.0.tgz",
      "integrity": "sha1-EjmHM7iuKEIN9hZvpEx+6P/WQUw="
    },
    "underscore": {
      "version": "1.9.1",
      "resolved": "https://registry.npmjs.org/underscore/-/underscore-1.9.1.tgz",
      "integrity": "sha512-5/4etnCkd9c8gwgowi5/om/mYO5ajCaOgdzj/oW+0eQV9WxKBDZw5+ycmKmeaTXjInS/W0BzpGLo2xR2aBwZdg=="
    }
  }
}
